
Microsoft Visual Studio Solution File, Format Version 12.00
# Visual Studio Version 16
VisualStudioVersion = 16.0.30114.105
MinimumVisualStudioVersion = 10.0.40219.1
Project("{FAE04EC0-301F-11D3-BF4B-00C04F79EFBC}") = "Desert.Captain.Api", "Desert.Captain.Api\Desert.Captain.Api.csproj", "{16ABE733-B402-458E-B869-39DC37ADA381}"
EndProject
Project("{FAE04EC0-301F-11D3-BF4B-00C04F79EFBC}") = "Desert.Captain.Domain", "Desert.Captain.Domain\Desert.Captain.Domain.csproj", "{E3C4134F-D7DB-4AEC-BC64-47DC6B9A2706}"
EndProject
Project("{FAE04EC0-301F-11D3-BF4B-00C04F79EFBC}") = "Desert.Captain.Data", "Desert.Captain.Data\Desert.Captain.Data.csproj", "{8A27481B-FD0F-42EF-99BF-66784309DFA4}"
EndProject
Project("{2150E333-8FDC-42A3-9474-1A3956D46DE8}") = "tests", "tests", "{A459FD54-BEAC-4199-A328-F3E37055D021}"
EndProject
Project("{FAE04EC0-301F-11D3-BF4B-00C04F79EFBC}") = "{Desert-Captain-API}.Domain.Tests", "tests\{Desert-Captain-API}.Domain.Tests\{Desert-Captain-API}.Domain.Tests.csproj", "{8B1A06C5-0614-48CB-BE57-27AA42C5A2E9}"
EndProject
Global
	GlobalSection(SolutionConfigurationPlatforms) = preSolution
		Debug|Any CPU = Debug|Any CPU
		Release|Any CPU = Release|Any CPU
	EndGlobalSection
	GlobalSection(SolutionProperties) = preSolution
		HideSolutionNode = FALSE
	EndGlobalSection
	GlobalSection(ProjectConfigurationPlatforms) = postSolution
		{16ABE733-B402-458E-B869-39DC37ADA381}.Debug|Any CPU.ActiveCfg = Debug|Any CPU
		{16ABE733-B402-458E-B869-39DC37ADA381}.Debug|Any CPU.Build.0 = Debug|Any CPU
		{16ABE733-B402-458E-B869-39DC37ADA381}.Release|Any CPU.ActiveCfg = Release|Any CPU
		{16ABE733-B402-458E-B869-39DC37ADA381}.Release|Any CPU.Build.0 = Release|Any CPU
		{E3C4134F-D7DB-4AEC-BC64-47DC6B9A2706}.Debug|Any CPU.ActiveCfg = Debug|Any CPU
		{E3C4134F-D7DB-4AEC-BC64-47DC6B9A2706}.Debug|Any CPU.Build.0 = Debug|Any CPU
		{E3C4134F-D7DB-4AEC-BC64-47DC6B9A2706}.Release|Any CPU.ActiveCfg = Release|Any CPU
		{E3C4134F-D7DB-4AEC-BC64-47DC6B9A2706}.Release|Any CPU.Build.0 = Release|Any CPU
		{8A27481B-FD0F-42EF-99BF-66784309DFA4}.Debug|Any CPU.ActiveCfg = Debug|Any CPU
		{8A27481B-FD0F-42EF-99BF-66784309DFA4}.Debug|Any CPU.Build.0 = Debug|Any CPU
		{8A27481B-FD0F-42EF-99BF-66784309DFA4}.Release|Any CPU.ActiveCfg = Release|Any CPU
		{8A27481B-FD0F-42EF-99BF-66784309DFA4}.Release|Any CPU.Build.0 = Release|Any CPU
		{12F93607-3969-4BF4-A368-9D14C1AAE263}.Debug|Any CPU.ActiveCfg = Debug|Any CPU
		{12F93607-3969-4BF4-A368-9D14C1AAE263}.Debug|Any CPU.Build.0 = Debug|Any CPU
		{12F93607-3969-4BF4-A368-9D14C1AAE263}.Release|Any CPU.ActiveCfg = Release|Any CPU
		{12F93607-3969-4BF4-A368-9D14C1AAE263}.Release|Any CPU.Build.0 = Release|Any CPU
		{8B1A06C5-0614-48CB-BE57-27AA42C5A2E9}.Debug|Any CPU.ActiveCfg = Debug|Any CPU
		{8B1A06C5-0614-48CB-BE57-27AA42C5A2E9}.Debug|Any CPU.Build.0 = Debug|Any CPU
		{8B1A06C5-0614-48CB-BE57-27AA42C5A2E9}.Release|Any CPU.ActiveCfg = Release|Any CPU
		{8B1A06C5-0614-48CB-BE57-27AA42C5A2E9}.Release|Any CPU.Build.0 = Release|Any CPU
	EndGlobalSection
	GlobalSection(NestedProjects) = preSolution
		{8B1A06C5-0614-48CB-BE57-27AA42C5A2E9} = {A459FD54-BEAC-4199-A328-F3E37055D021}
	EndGlobalSection
EndGlobal
